
Microsoft Visual Studio Solution File, Format Version 12.00
# Visual Studio Version 16
VisualStudioVersion = 16.0.29418.71
MinimumVisualStudioVersion = 10.0.40219.1
Project("{8BC9CEB8-8B4A-11D0-8D11-00A0C91BC942}") = "CLCL", "CLCL.vcxproj", "{0B765067-FE93-4805-828E-BE5F235DD95B}"
EndProject
Project("{8BC9CEB8-8B4A-11D0-8D11-00A0C91BC942}") = "CLCLHook", "CLCLHook\CLCLHook.vcxproj", "{455A6168-29F8-4650-BD35-E66044755A30}"
EndProject
Project("{8BC9CEB8-8B4A-11D0-8D11-00A0C91BC942}") = "CLCLSet", "CLCLSet\CLCLSet.vcxproj", "{F701700D-6556-4BB3-BA90-5709B614FD40}"
EndProject
Project("{8BC9CEB8-8B4A-11D0-8D11-00A0C91BC942}") = "tool_text", "CLCLPlugin\tool_text\tool_text.vcxproj", "{D439BB63-3D81-4791-BD68-22B11AE43A16}"
EndProject
Project("{8BC9CEB8-8B4A-11D0-8D11-00A0C91BC942}") = "tool_test", "CLCLPlugin\tool_test\tool_test.vcxproj", "{D4837AC4-2903-4344-A248-4EC2321875A3}"
EndProject
Project("{8BC9CEB8-8B4A-11D0-8D11-00A0C91BC942}") = "tool_utl", "CLCLPlugin\tool_utl\tool_utl.vcxproj", "{E624A3AA-D8A8-4137-9A09-D53035A83B11}"
EndProject
Global
	GlobalSection(SolutionConfigurationPlatforms) = preSolution
		Debug|x86 = Debug|x86
		Release|x86 = Release|x86
		Template|x86 = Template|x86
	EndGlobalSection
	GlobalSection(ProjectConfigurationPlatforms) = postSolution
		{0B765067-FE93-4805-828E-BE5F235DD95B}.Debug|x86.ActiveCfg = Debug|Win32
		{0B765067-FE93-4805-828E-BE5F235DD95B}.Debug|x86.Build.0 = Debug|Win32
		{0B765067-FE93-4805-828E-BE5F235DD95B}.Release|x86.ActiveCfg = Release|Win32
		{0B765067-FE93-4805-828E-BE5F235DD95B}.Release|x86.Build.0 = Release|Win32
		{0B765067-FE93-4805-828E-BE5F235DD95B}.Template|x86.ActiveCfg = Release|Win32
		{0B765067-FE93-4805-828E-BE5F235DD95B}.Template|x86.Build.0 = Release|Win32
		{455A6168-29F8-4650-BD35-E66044755A30}.Debug|x86.ActiveCfg = Debug|Win32
		{455A6168-29F8-4650-BD35-E66044755A30}.Debug|x86.Build.0 = Debug|Win32
		{455A6168-29F8-4650-BD35-E66044755A30}.Release|x86.ActiveCfg = Release|Win32
		{455A6168-29F8-4650-BD35-E66044755A30}.Release|x86.Build.0 = Release|Win32
		{455A6168-29F8-4650-BD35-E66044755A30}.Template|x86.ActiveCfg = Release|Win32
		{455A6168-29F8-4650-BD35-E66044755A30}.Template|x86.Build.0 = Release|Win32
		{F701700D-6556-4BB3-BA90-5709B614FD40}.Debug|x86.ActiveCfg = Debug|Win32
		{F701700D-6556-4BB3-BA90-5709B614FD40}.Debug|x86.Build.0 = Debug|Win32
		{F701700D-6556-4BB3-BA90-5709B614FD40}.Release|x86.ActiveCfg = Release|Win32
		{F701700D-6556-4BB3-BA90-5709B614FD40}.Release|x86.Build.0 = Release|Win32
		{F701700D-6556-4BB3-BA90-5709B614FD40}.Template|x86.ActiveCfg = Release|Win32
		{F701700D-6556-4BB3-BA90-5709B614FD40}.Template|x86.Build.0 = Release|Win32
		{D439BB63-3D81-4791-BD68-22B11AE43A16}.Debug|x86.ActiveCfg = Debug|Win32
		{D439BB63-3D81-4791-BD68-22B11AE43A16}.Debug|x86.Build.0 = Debug|Win32
		{D439BB63-3D81-4791-BD68-22B11AE43A16}.Release|x86.ActiveCfg = Release|Win32
		{D439BB63-3D81-4791-BD68-22B11AE43A16}.Release|x86.Build.0 = Release|Win32
		{D439BB63-3D81-4791-BD68-22B11AE43A16}.Template|x86.ActiveCfg = Debug|Win32
		{D439BB63-3D81-4791-BD68-22B11AE43A16}.Template|x86.Build.0 = Debug|Win32
		{D4837AC4-2903-4344-A248-4EC2321875A3}.Debug|x86.ActiveCfg = Debug|Win32
		{D4837AC4-2903-4344-A248-4EC2321875A3}.Debug|x86.Build.0 = Debug|Win32
		{D4837AC4-2903-4344-A248-4EC2321875A3}.Release|x86.ActiveCfg = Release|Win32
		{D4837AC4-2903-4344-A248-4EC2321875A3}.Release|x86.Build.0 = Release|Win32
		{D4837AC4-2903-4344-A248-4EC2321875A3}.Template|x86.ActiveCfg = Release|Win32
		{D4837AC4-2903-4344-A248-4EC2321875A3}.Template|x86.Build.0 = Release|Win32
		{E624A3AA-D8A8-4137-9A09-D53035A83B11}.Debug|x86.ActiveCfg = Debug|Win32
		{E624A3AA-D8A8-4137-9A09-D53035A83B11}.Debug|x86.Build.0 = Debug|Win32
		{E624A3AA-D8A8-4137-9A09-D53035A83B11}.Release|x86.ActiveCfg = Release|Win32
		{E624A3AA-D8A8-4137-9A09-D53035A83B11}.Release|x86.Build.0 = Release|Win32
		{E624A3AA-D8A8-4137-9A09-D53035A83B11}.Template|x86.ActiveCfg = Debug|Win32
		{E624A3AA-D8A8-4137-9A09-D53035A83B11}.Template|x86.Build.0 = Debug|Win32
	EndGlobalSection
	GlobalSection(SolutionProperties) = preSolution
		HideSolutionNode = FALSE
	EndGlobalSection
	GlobalSection(ExtensibilityGlobals) = postSolution
		SolutionGuid = {F0941847-1D35-4F23-BC6A-F83992442634}
	EndGlobalSection
EndGlobal
