<?xml version="1.0" encoding="utf-8"?>
<Project ToolsVersion="4.0" xmlns="http://schemas.microsoft.com/developer/msbuild/2003">
  <ItemGroup>
    <Filter Include="Source Files">
      <UniqueIdentifier>{283b5df4-4368-4fe2-a1d9-b5769f3b2a6d}</UniqueIdentifier>
      <Extensions>cpp;c;cxx;rc;def;r;odl;idl;hpj;bat</Extensions>
    </Filter>
    <Filter Include="Header Files">
      <UniqueIdentifier>{c770780f-eecc-407c-a342-1ae909270cec}</UniqueIdentifier>
      <Extensions>h;hpp;hxx;hm;inl</Extensions>
    </Filter>
    <Filter Include="Resource Files">
      <UniqueIdentifier>{c0584605-5830-4801-bc67-ebe436ca2d6d}</UniqueIdentifier>
      <Extensions>ico;cur;bmp;dlg;rc2;rct;bin;rgs;gif;jpg;jpeg;jpe</Extensions>
    </Filter>
  </ItemGroup>
  <ItemGroup>
    <ClCompile Include="BinView.c">
      <Filter>Source Files</Filter>
    </ClCompile>
    <ClCompile Include="Bitmap.c">
      <Filter>Source Files</Filter>
    </ClCompile>
    <ClCompile Include="ClipBoard.c">
      <Filter>Source Files</Filter>
    </ClCompile>
    <ClCompile Include="Container.c">
      <Filter>Source Files</Filter>
    </ClCompile>
    <ClCompile Include="Data.c">
      <Filter>Source Files</Filter>
    </ClCompile>
    <ClCompile Include="File.c">
      <Filter>Source Files</Filter>
    </ClCompile>
    <ClCompile Include="Filter.c">
      <Filter>Source Files</Filter>
    </ClCompile>
    <ClCompile Include="fmt_Bitmap.c">
      <Filter>Source Files</Filter>
    </ClCompile>
    <ClCompile Include="fmt_bitmap_view.c">
      <Filter>Source Files</Filter>
    </ClCompile>
    <ClCompile Include="fmt_file.c">
      <Filter>Source Files</Filter>
    </ClCompile>
    <ClCompile Include="fmt_file_view.c">
      <Filter>Source Files</Filter>
    </ClCompile>
    <ClCompile Include="fmt_Text.c">
      <Filter>Source Files</Filter>
    </ClCompile>
    <ClCompile Include="fmt_text_view.c">
      <Filter>Source Files</Filter>
    </ClCompile>
    <ClCompile Include="Font.c">
      <Filter>Source Files</Filter>
    </ClCompile>
    <ClCompile Include="Format.c">
      <Filter>Source Files</Filter>
    </ClCompile>
    <ClCompile Include="Frame.c">
      <Filter>Source Files</Filter>
    </ClCompile>
    <ClCompile Include="History.c">
      <Filter>Source Files</Filter>
    </ClCompile>
    <ClCompile Include="ImageList.c">
      <Filter>Source Files</Filter>
    </ClCompile>
    <ClCompile Include="Ini.c">
      <Filter>Source Files</Filter>
    </ClCompile>
    <ClCompile Include="ListView.c">
      <Filter>Source Files</Filter>
    </ClCompile>
    <ClCompile Include="main.c">
      <Filter>Source Files</Filter>
    </ClCompile>
    <ClCompile Include="Memory.c">
      <Filter>Source Files</Filter>
    </ClCompile>
    <ClCompile Include="Menu.c">
      <Filter>Source Files</Filter>
    </ClCompile>
    <ClCompile Include="Message.c">
      <Filter>Source Files</Filter>
    </ClCompile>
    <ClCompile Include="OleDragDrop.c">
      <Filter>Source Files</Filter>
    </ClCompile>
    <ClCompile Include="Profile.c">
      <Filter>Source Files</Filter>
    </ClCompile>
    <ClCompile Include="Regist.c">
      <Filter>Source Files</Filter>
    </ClCompile>
    <ClCompile Include="SelectFolder.c">
      <Filter>Source Files</Filter>
    </ClCompile>
    <ClCompile Include="SelectFormat.c">
      <Filter>Source Files</Filter>
    </ClCompile>
    <ClCompile Include="SendKey.c">
      <Filter>Source Files</Filter>
    </ClCompile>
    <ClCompile Include="SetHotkey.c">
      <Filter>Source Files</Filter>
    </ClCompile>
    <ClCompile Include="StatusBar.c">
      <Filter>Source Files</Filter>
    </ClCompile>
    <ClCompile Include="String.c">
      <Filter>Source Files</Filter>
    </ClCompile>
    <ClCompile Include="Tool.c">
      <Filter>Source Files</Filter>
    </ClCompile>
    <ClCompile Include="ToolBar.c">
      <Filter>Source Files</Filter>
    </ClCompile>
    <ClCompile Include="ToolTip.c">
      <Filter>Source Files</Filter>
    </ClCompile>
    <ClCompile Include="TreeView.c">
      <Filter>Source Files</Filter>
    </ClCompile>
    <ClCompile Include="Viewer.c">
      <Filter>Source Files</Filter>
    </ClCompile>
    <ClCompile Include="ViewerDnD.c">
      <Filter>Source Files</Filter>
    </ClCompile>
    <ClCompile Include="ViewerOLEDnD.c">
      <Filter>Source Files</Filter>
    </ClCompile>
    <ClCompile Include="Window.c">
      <Filter>Source Files</Filter>
    </ClCompile>
    <ClCompile Include="dpi.c">
      <Filter>Source Files</Filter>
    </ClCompile>
    <ClCompile Include="gdip.cpp">
      <Filter>Source Files</Filter>
    </ClCompile>
  </ItemGroup>
  <ItemGroup>
    <ResourceCompile Include="CLCL.rc">
      <Filter>Source Files</Filter>
    </ResourceCompile>
  </ItemGroup>
  <ItemGroup>
    <ClInclude Include="BinView.h">
      <Filter>Header Files</Filter>
    </ClInclude>
    <ClInclude Include="Bitmap.h">
      <Filter>Header Files</Filter>
    </ClInclude>
    <ClInclude Include="ClipBoard.h">
      <Filter>Header Files</Filter>
    </ClInclude>
    <ClInclude Include="Container.h">
      <Filter>Header Files</Filter>
    </ClInclude>
    <ClInclude Include="Data.h">
      <Filter>Header Files</Filter>
    </ClInclude>
    <ClInclude Include="File.h">
      <Filter>Header Files</Filter>
    </ClInclude>
    <ClInclude Include="Filter.h">
      <Filter>Header Files</Filter>
    </ClInclude>
    <ClInclude Include="fmt_bitmap_view.h">
      <Filter>Header Files</Filter>
    </ClInclude>
    <ClInclude Include="fmt_file_view.h">
      <Filter>Header Files</Filter>
    </ClInclude>
    <ClInclude Include="fmt_text_view.h">
      <Filter>Header Files</Filter>
    </ClInclude>
    <ClInclude Include="Font.h">
      <Filter>Header Files</Filter>
    </ClInclude>
    <ClInclude Include="Format.h">
      <Filter>Header Files</Filter>
    </ClInclude>
    <ClInclude Include="Frame.h">
      <Filter>Header Files</Filter>
    </ClInclude>
    <ClInclude Include="General.h">
      <Filter>Header Files</Filter>
    </ClInclude>
    <ClInclude Include="History.h">
      <Filter>Header Files</Filter>
    </ClInclude>
    <ClInclude Include="ImageList.h">
      <Filter>Header Files</Filter>
    </ClInclude>
    <ClInclude Include="Ini.h">
      <Filter>Header Files</Filter>
    </ClInclude>
    <ClInclude Include="ListView.h">
      <Filter>Header Files</Filter>
    </ClInclude>
    <ClInclude Include="Memory.h">
      <Filter>Header Files</Filter>
    </ClInclude>
    <ClInclude Include="Menu.h">
      <Filter>Header Files</Filter>
    </ClInclude>
    <ClInclude Include="Message.h">
      <Filter>Header Files</Filter>
    </ClInclude>
    <ClInclude Include="OleDragDrop.h">
      <Filter>Header Files</Filter>
    </ClInclude>
    <ClInclude Include="Profile.h">
      <Filter>Header Files</Filter>
    </ClInclude>
    <ClInclude Include="Regist.h">
      <Filter>Header Files</Filter>
    </ClInclude>
    <ClInclude Include="resource.h">
      <Filter>Header Files</Filter>
    </ClInclude>
    <ClInclude Include="SelectFolder.h">
      <Filter>Header Files</Filter>
    </ClInclude>
    <ClInclude Include="SelectFormat.h">
      <Filter>Header Files</Filter>
    </ClInclude>
    <ClInclude Include="SendKey.h">
      <Filter>Header Files</Filter>
    </ClInclude>
    <ClInclude Include="SetHotkey.h">
      <Filter>Header Files</Filter>
    </ClInclude>
    <ClInclude Include="StatusBar.h">
      <Filter>Header Files</Filter>
    </ClInclude>
    <ClInclude Include="String.h">
      <Filter>Header Files</Filter>
    </ClInclude>
    <ClInclude Include="Tool.h">
      <Filter>Header Files</Filter>
    </ClInclude>
    <ClInclude Include="ToolBar.h">
      <Filter>Header Files</Filter>
    </ClInclude>
    <ClInclude Include="ToolTip.h">
      <Filter>Header Files</Filter>
    </ClInclude>
    <ClInclude Include="TreeView.h">
      <Filter>Header Files</Filter>
    </ClInclude>
    <ClInclude Include="Viewer.h">
      <Filter>Header Files</Filter>
    </ClInclude>
    <ClInclude Include="ViewerDnD.h">
      <Filter>Header Files</Filter>
    </ClInclude>
    <ClInclude Include="ViewerOLEDnD.h">
      <Filter>Header Files</Filter>
    </ClInclude>
    <ClInclude Include="Window.h">
      <Filter>Header Files</Filter>
    </ClInclude>
    <ClInclude Include="dpi.h">
      <Filter>Header Files</Filter>
    </ClInclude>
    <ClInclude Include="gdip.h">
      <Filter>Header Files</Filter>
    </ClInclude>
  </ItemGroup>
  <ItemGroup>
    <Image Include="res\ico00001.ico">
      <Filter>Resource Files</Filter>
    </Image>
    <Image Include="res\ico00002.ico">
      <Filter>Resource Files</Filter>
    </Image>
    <Image Include="res\ico00003.ico">
      <Filter>Resource Files</Filter>
    </Image>
    <Image Include="res\ico00004.ico">
      <Filter>Resource Files</Filter>
    </Image>
    <Image Include="res\ico00005.ico">
      <Filter>Resource Files</Filter>
    </Image>
    <Image Include="res\ico00006.ico">
      <Filter>Resource Files</Filter>
    </Image>
    <Image Include="res\icon1.ico">
      <Filter>Resource Files</Filter>
    </Image>
    <Image Include="res\icon_etc.ico">
      <Filter>Resource Files</Filter>
    </Image>
    <Image Include="res\icon_fil.ico">
      <Filter>Resource Files</Filter>
    </Image>
    <Image Include="res\icon_pic.ico">
      <Filter>Resource Files</Filter>
    </Image>
    <Image Include="res\icon_str.ico">
      <Filter>Resource Files</Filter>
    </Image>
    <Image Include="res\toolbar1.bmp">
      <Filter>Resource Files</Filter>
    </Image>
    <Image Include="res\bmp00001.bmp">
      <Filter>Resource Files</Filter>
    </Image>
    <Image Include="res\toolbar2.bmp">
      <Filter>Resource Files</Filter>
    </Image>
    <Image Include="res\toolbar32.bmp">
      <Filter>Resource Files</Filter>
    </Image>
    <Image Include="res\toolbar48.bmp">
      <Filter>Resource Files</Filter>
    </Image>
  </ItemGroup>
  <ItemGroup>
    <Xml Include="res\manifest.xml">
      <Filter>Resource Files</Filter>
    </Xml>
  </ItemGroup>
  <ItemGroup>
    <CustomBuild Include="clcl.def">
      <Filter>Source Files</Filter>
    </CustomBuild>
    <CustomBuild Include="res\cursor.cur">
      <Filter>Resource Files</Filter>
    </CustomBuild>
    <CustomBuild Include="res\cursor2.cur">
      <Filter>Resource Files</Filter>
    </CustomBuild>
    <CustomBuild Include="res\cursor3.cur">
      <Filter>Resource Files</Filter>
    </CustomBuild>
    <CustomBuild Include="res\No_m.cur">
      <Filter>Resource Files</Filter>
    </CustomBuild>
  </ItemGroup>
</Project>